// !$*UTF8*$!
{
	archiveVersion = 1;
	classes = {
	};
	objectVersion = 55;
	objects = {

/* Begin PBXBuildFile section */
		AD2F9D55287B9A04008E744B /* ShimmerEffectEntryView.swift in Sources */ = {isa = PBXBuildFile; fileRef = AD2F9D54287B9A04008E744B /* ShimmerEffectEntryView.swift */; };
		AD2F9D57287D0038008E744B /* RedactedView.swift in Sources */ = {isa = PBXBuildFile; fileRef = AD2F9D56287D0038008E744B /* RedactedView.swift */; };
		AD2F9D5A287D040F008E744B /* ShimmerConfiguration.swift in Sources */ = {isa = PBXBuildFile; fileRef = AD2F9D59287D040F008E744B /* ShimmerConfiguration.swift */; };
		AD2F9D5C287D0440008E744B /* ShimmerAnimatableModifier.swift in Sources */ = {isa = PBXBuildFile; fileRef = AD2F9D5B287D0440008E744B /* ShimmerAnimatableModifier.swift */; };
		AD5B46252878C76700E83C87 /* ShimmerEffectApp.swift in Sources */ = {isa = PBXBuildFile; fileRef = AD5B45FD2878C76600E83C87 /* ShimmerEffectApp.swift */; };
		AD5B46272878C76700E83C87 /* ImplementationStepsView.swift in Sources */ = {isa = PBXBuildFile; fileRef = AD5B45FE2878C76600E83C87 /* ImplementationStepsView.swift */; };
		AD5B46292878C76700E83C87 /* Assets.xcassets in Resources */ = {isa = PBXBuildFile; fileRef = AD5B45FF2878C76700E83C87 /* Assets.xcassets */; };
		AD5B463B287A245900E83C87 /* DescriptionView.swift in Sources */ = {isa = PBXBuildFile; fileRef = AD5B463A287A245900E83C87 /* DescriptionView.swift */; };
		AD5B463E287A24F400E83C87 /* ConditionalView.swift in Sources */ = {isa = PBXBuildFile; fileRef = AD5B463D287A24F400E83C87 /* ConditionalView.swift */; };
		AD5B4641287A25D900E83C87 /* ShimmerViewModifier.swift in Sources */ = {isa = PBXBuildFile; fileRef = AD5B4640287A25D900E83C87 /* ShimmerViewModifier.swift */; };
		AD5B4645287A289000E83C87 /* DummyRowView.swift in Sources */ = {isa = PBXBuildFile; fileRef = AD5B4644287A289000E83C87 /* DummyRowView.swift */; };
		AD5B4647287A2A3100E83C87 /* ExampleView.swift in Sources */ = {isa = PBXBuildFile; fileRef = AD5B4646287A2A3100E83C87 /* ExampleView.swift */; };
/* End PBXBuildFile section */

/* Begin PBXFileReference section */
		AD2F9D54287B9A04008E744B /* ShimmerEffectEntryView.swift */ = {isa = PBXFileReference; lastKnownFileType = sourcecode.swift; path = ShimmerEffectEntryView.swift; sourceTree = "<group>"; };
		AD2F9D56287D0038008E744B /* RedactedView.swift */ = {isa = PBXFileReference; lastKnownFileType = sourcecode.swift; path = RedactedView.swift; sourceTree = "<group>"; };
		AD2F9D59287D040F008E744B /* ShimmerConfiguration.swift */ = {isa = PBXFileReference; lastKnownFileType = sourcecode.swift; path = ShimmerConfiguration.swift; sourceTree = "<group>"; };
		AD2F9D5B287D0440008E744B /* ShimmerAnimatableModifier.swift */ = {isa = PBXFileReference; lastKnownFileType = sourcecode.swift; path = ShimmerAnimatableModifier.swift; sourceTree = "<group>"; };
		AD5B45FD2878C76600E83C87 /* ShimmerEffectApp.swift */ = {isa = PBXFileReference; lastKnownFileType = sourcecode.swift; path = ShimmerEffectApp.swift; sourceTree = "<group>"; };
		AD5B45FE2878C76600E83C87 /* ImplementationStepsView.swift */ = {isa = PBXFileReference; lastKnownFileType = sourcecode.swift; path = ImplementationStepsView.swift; sourceTree = "<group>"; };
		AD5B45FF2878C76700E83C87 /* Assets.xcassets */ = {isa = PBXFileReference; lastKnownFileType = folder.assetcatalog; path = Assets.xcassets; sourceTree = "<group>"; };
		AD5B46042878C76700E83C87 /* ShimmerEffect.app */ = {isa = PBXFileReference; explicitFileType = wrapper.application; includeInIndex = 0; path = ShimmerEffect.app; sourceTree = BUILT_PRODUCTS_DIR; };
		AD5B463A287A245900E83C87 /* DescriptionView.swift */ = {isa = PBXFileReference; lastKnownFileType = sourcecode.swift; path = DescriptionView.swift; sourceTree = "<group>"; };
		AD5B463D287A24F400E83C87 /* ConditionalView.swift */ = {isa = PBXFileReference; lastKnownFileType = sourcecode.swift; path = ConditionalView.swift; sourceTree = "<group>"; };
		AD5B4640287A25D900E83C87 /* ShimmerViewModifier.swift */ = {isa = PBXFileReference; lastKnownFileType = sourcecode.swift; path = ShimmerViewModifier.swift; sourceTree = "<group>"; };
		AD5B4644287A289000E83C87 /* DummyRowView.swift */ = {isa = PBXFileReference; lastKnownFileType = sourcecode.swift; path = DummyRowView.swift; sourceTree = "<group>"; };
		AD5B4646287A2A3100E83C87 /* ExampleView.swift */ = {isa = PBXFileReference; lastKnownFileType = sourcecode.swift; path = ExampleView.swift; sourceTree = "<group>"; };
/* End PBXFileReference section */

/* Begin PBXFrameworksBuildPhase section */
		AD5B46012878C76700E83C87 /* Frameworks */ = {
			isa = PBXFrameworksBuildPhase;
			buildActionMask = 2147483647;
			files = (
			);
			runOnlyForDeploymentPostprocessing = 0;
		};
/* End PBXFrameworksBuildPhase section */

/* Begin PBXGroup section */
		AD2F9D58287D01DB008E744B /* Shimmer */ = {
			isa = PBXGroup;
			children = (
				AD5B4640287A25D900E83C87 /* ShimmerViewModifier.swift */,
				AD2F9D5B287D0440008E744B /* ShimmerAnimatableModifier.swift */,
				AD2F9D59287D040F008E744B /* ShimmerConfiguration.swift */,
			);
			path = Shimmer;
			sourceTree = "<group>";
		};
		AD2F9D5D287D0684008E744B /* AppView */ = {
			isa = PBXGroup;
			children = (
				AD2F9D54287B9A04008E744B /* ShimmerEffectEntryView.swift */,
				AD5B45FE2878C76600E83C87 /* ImplementationStepsView.swift */,
				AD5B4646287A2A3100E83C87 /* ExampleView.swift */,
			);
			path = AppView;
			sourceTree = "<group>";
		};
		AD5B45F72878C76600E83C87 = {
			isa = PBXGroup;
			children = (
				AD5B45FC2878C76600E83C87 /* Shared */,
				AD5B46052878C76700E83C87 /* Products */,
			);
			sourceTree = "<group>";
		};
		AD5B45FC2878C76600E83C87 /* Shared */ = {
			isa = PBXGroup;
			children = (
				AD5B45FD2878C76600E83C87 /* ShimmerEffectApp.swift */,
				AD2F9D5D287D0684008E744B /* AppView */,
				AD5B463F287A25C800E83C87 /* ViewModifier */,
				AD5B463C287A24D500E83C87 /* ViewUtility */,
				AD5B4639287A244300E83C87 /* UltilityView */,
				AD5B45FF2878C76700E83C87 /* Assets.xcassets */,
			);
			path = Shared;
			sourceTree = "<group>";
		};
		AD5B46052878C76700E83C87 /* Products */ = {
			isa = PBXGroup;
			children = (
				AD5B46042878C76700E83C87 /* ShimmerEffect.app */,
			);
			name = Products;
			sourceTree = "<group>";
		};
		AD5B4639287A244300E83C87 /* UltilityView */ = {
			isa = PBXGroup;
			children = (
				AD5B463A287A245900E83C87 /* DescriptionView.swift */,
				AD5B4644287A289000E83C87 /* DummyRowView.swift */,
			);
			path = UltilityView;
			sourceTree = "<group>";
		};
		AD5B463C287A24D500E83C87 /* ViewUtility */ = {
			isa = PBXGroup;
			children = (
				AD5B463D287A24F400E83C87 /* ConditionalView.swift */,
				AD2F9D56287D0038008E744B /* RedactedView.swift */,
			);
			path = ViewUtility;
			sourceTree = "<group>";
		};
		AD5B463F287A25C800E83C87 /* ViewModifier */ = {
			isa = PBXGroup;
			children = (
				AD2F9D58287D01DB008E744B /* Shimmer */,
			);
			path = ViewModifier;
			sourceTree = "<group>";
		};
/* End PBXGroup section */

/* Begin PBXNativeTarget section */
		AD5B46032878C76700E83C87 /* ShimmerEffect (iOS) */ = {
			isa = PBXNativeTarget;
			buildConfigurationList = AD5B462D2878C76700E83C87 /* Build configuration list for PBXNativeTarget "ShimmerEffect (iOS)" */;
			buildPhases = (
				AD5B46002878C76700E83C87 /* Sources */,
				AD5B46012878C76700E83C87 /* Frameworks */,
				AD5B46022878C76700E83C87 /* Resources */,
			);
			buildRules = (
			);
			dependencies = (
			);
			name = "ShimmerEffect (iOS)";
			productName = "ShimmerEffect (iOS)";
			productReference = AD5B46042878C76700E83C87 /* ShimmerEffect.app */;
			productType = "com.apple.product-type.application";
		};
/* End PBXNativeTarget section */

/* Begin PBXProject section */
		AD5B45F82878C76600E83C87 /* Project object */ = {
			isa = PBXProject;
			attributes = {
				BuildIndependentTargetsInParallel = 1;
				LastSwiftUpdateCheck = 1320;
				LastUpgradeCheck = 1320;
				TargetAttributes = {
					AD5B46032878C76700E83C87 = {
						CreatedOnToolsVersion = 13.2.1;
					};
				};
			};
			buildConfigurationList = AD5B45FB2878C76600E83C87 /* Build configuration list for PBXProject "ShimmerEffect" */;
			compatibilityVersion = "Xcode 13.0";
			developmentRegion = en;
			hasScannedForEncodings = 0;
			knownRegions = (
				en,
				Base,
			);
			mainGroup = AD5B45F72878C76600E83C87;
			productRefGroup = AD5B46052878C76700E83C87 /* Products */;
			projectDirPath = "";
			projectRoot = "";
			targets = (
				AD5B46032878C76700E83C87 /* ShimmerEffect (iOS) */,
			);
		};
/* End PBXProject section */

/* Begin PBXResourcesBuildPhase section */
		AD5B46022878C76700E83C87 /* Resources */ = {
			isa = PBXResourcesBuildPhase;
			buildActionMask = 2147483647;
			files = (
				AD5B46292878C76700E83C87 /* Assets.xcassets in Resources */,
			);
			runOnlyForDeploymentPostprocessing = 0;
		};
/* End PBXResourcesBuildPhase section */

/* Begin PBXSourcesBuildPhase section */
		AD5B46002878C76700E83C87 /* Sources */ = {
			isa = PBXSourcesBuildPhase;
			buildActionMask = 2147483647;
			files = (
				AD2F9D57287D0038008E744B /* RedactedView.swift in Sources */,
				AD5B463B287A245900E83C87 /* DescriptionView.swift in Sources */,
				AD5B463E287A24F400E83C87 /* ConditionalView.swift in Sources */,
				AD2F9D55287B9A04008E744B /* ShimmerEffectEntryView.swift in Sources */,
				AD5B4647287A2A3100E83C87 /* ExampleView.swift in Sources */,
				AD2F9D5A287D040F008E744B /* ShimmerConfiguration.swift in Sources */,
				AD5B46272878C76700E83C87 /* ImplementationStepsView.swift in Sources */,
				AD2F9D5C287D0440008E744B /* ShimmerAnimatableModifier.swift in Sources */,
				AD5B4645287A289000E83C87 /* DummyRowView.swift in Sources */,
				AD5B4641287A25D900E83C87 /* ShimmerViewModifier.swift in Sources */,
				AD5B46252878C76700E83C87 /* ShimmerEffectApp.swift in Sources */,
			);
			runOnlyForDeploymentPostprocessing = 0;
		};
/* End PBXSourcesBuildPhase section */

/* Begin XCBuildConfiguration section */
		AD5B462B2878C76700E83C87 /* Debug */ = {
			isa = XCBuildConfiguration;
			buildSettings = {
				ALWAYS_SEARCH_USER_PATHS = NO;
				CLANG_ANALYZER_NONNULL = YES;
				CLANG_ANALYZER_NUMBER_OBJECT_CONVERSION = YES_AGGRESSIVE;
				CLANG_CXX_LANGUAGE_STANDARD = "gnu++17";
				CLANG_CXX_LIBRARY = "libc++";
				CLANG_ENABLE_MODULES = YES;
				CLANG_ENABLE_OBJC_ARC = YES;
				CLANG_ENABLE_OBJC_WEAK = YES;
				CLANG_WARN_BLOCK_CAPTURE_AUTORELEASING = YES;
				CLANG_WARN_BOOL_CONVERSION = YES;
				CLANG_WARN_COMMA = YES;
				CLANG_WARN_CONSTANT_CONVERSION = YES;
				CLANG_WARN_DEPRECATED_OBJC_IMPLEMENTATIONS = YES;
				CLANG_WARN_DIRECT_OBJC_ISA_USAGE = YES_ERROR;
				CLANG_WARN_DOCUMENTATION_COMMENTS = YES;
				CLANG_WARN_EMPTY_BODY = YES;
				CLANG_WARN_ENUM_CONVERSION = YES;
				CLANG_WARN_INFINITE_RECURSION = YES;
				CLANG_WARN_INT_CONVERSION = YES;
				CLANG_WARN_NON_LITERAL_NULL_CONVERSION = YES;
				CLANG_WARN_OBJC_IMPLICIT_RETAIN_SELF = YES;
				CLANG_WARN_OBJC_LITERAL_CONVERSION = YES;
				CLANG_WARN_OBJC_ROOT_CLASS = YES_ERROR;
				CLANG_WARN_QUOTED_INCLUDE_IN_FRAMEWORK_HEADER = YES;
				CLANG_WARN_RANGE_LOOP_ANALYSIS = YES;
				CLANG_WARN_STRICT_PROTOTYPES = YES;
				CLANG_WARN_SUSPICIOUS_MOVE = YES;
				CLANG_WARN_UNGUARDED_AVAILABILITY = YES_AGGRESSIVE;
				CLANG_WARN_UNREACHABLE_CODE = YES;
				CLANG_WARN__DUPLICATE_METHOD_MATCH = YES;
				COPY_PHASE_STRIP = NO;
				DEBUG_INFORMATION_FORMAT = dwarf;
				ENABLE_STRICT_OBJC_MSGSEND = YES;
				ENABLE_TESTABILITY = YES;
				GCC_C_LANGUAGE_STANDARD = gnu11;
				GCC_DYNAMIC_NO_PIC = NO;
				GCC_NO_COMMON_BLOCKS = YES;
				GCC_OPTIMIZATION_LEVEL = 0;
				GCC_PREPROCESSOR_DEFINITIONS = (
					"DEBUG=1",
					"$(inherited)",
				);
				GCC_WARN_64_TO_32_BIT_CONVERSION = YES;
				GCC_WARN_ABOUT_RETURN_TYPE = YES_ERROR;
				GCC_WARN_UNDECLARED_SELECTOR = YES;
				GCC_WARN_UNINITIALIZED_AUTOS = YES_AGGRESSIVE;
				GCC_WARN_UNUSED_FUNCTION = YES;
				GCC_WARN_UNUSED_VARIABLE = YES;
				MTL_ENABLE_DEBUG_INFO = INCLUDE_SOURCE;
				MTL_FAST_MATH = YES;
				ONLY_ACTIVE_ARCH = YES;
				SWIFT_ACTIVE_COMPILATION_CONDITIONS = DEBUG;
				SWIFT_OPTIMIZATION_LEVEL = "-Onone";
			};
			name = Debug;
		};
		AD5B462C2878C76700E83C87 /* Release */ = {
			isa = XCBuildConfiguration;
			buildSettings = {
				ALWAYS_SEARCH_USER_PATHS = NO;
				CLANG_ANALYZER_NONNULL = YES;
				CLANG_ANALYZER_NUMBER_OBJECT_CONVERSION = YES_AGGRESSIVE;
				CLANG_CXX_LANGUAGE_STANDARD = "gnu++17";
				CLANG_CXX_LIBRARY = "libc++";
				CLANG_ENABLE_MODULES = YES;
				CLANG_ENABLE_OBJC_ARC = YES;
				CLANG_ENABLE_OBJC_WEAK = YES;
				CLANG_WARN_BLOCK_CAPTURE_AUTORELEASING = YES;
				CLANG_WARN_BOOL_CONVERSION = YES;
				CLANG_WARN_COMMA = YES;
				CLANG_WARN_CONSTANT_CONVERSION = YES;
				CLANG_WARN_DEPRECATED_OBJC_IMPLEMENTATIONS = YES;
				CLANG_WARN_DIRECT_OBJC_ISA_USAGE = YES_ERROR;
				CLANG_WARN_DOCUMENTATION_COMMENTS = YES;
				CLANG_WARN_EMPTY_BODY = YES;
				CLANG_WARN_ENUM_CONVERSION = YES;
				CLANG_WARN_INFINITE_RECURSION = YES;
				CLANG_WARN_INT_CONVERSION = YES;
				CLANG_WARN_NON_LITERAL_NULL_CONVERSION = YES;
				CLANG_WARN_OBJC_IMPLICIT_RETAIN_SELF = YES;
				CLANG_WARN_OBJC_LITERAL_CONVERSION = YES;
				CLANG_WARN_OBJC_ROOT_CLASS = YES_ERROR;
				CLANG_WARN_QUOTED_INCLUDE_IN_FRAMEWORK_HEADER = YES;
				CLANG_WARN_RANGE_LOOP_ANALYSIS = YES;
				CLANG_WARN_STRICT_PROTOTYPES = YES;
				CLANG_WARN_SUSPICIOUS_MOVE = YES;
				CLANG_WARN_UNGUARDED_AVAILABILITY = YES_AGGRESSIVE;
				CLANG_WARN_UNREACHABLE_CODE = YES;
				CLANG_WARN__DUPLICATE_METHOD_MATCH = YES;
				COPY_PHASE_STRIP = NO;
				DEBUG_INFORMATION_FORMAT = "dwarf-with-dsym";
				ENABLE_NS_ASSERTIONS = NO;
				ENABLE_STRICT_OBJC_MSGSEND = YES;
				GCC_C_LANGUAGE_STANDARD = gnu11;
				GCC_NO_COMMON_BLOCKS = YES;
				GCC_WARN_64_TO_32_BIT_CONVERSION = YES;
				GCC_WARN_ABOUT_RETURN_TYPE = YES_ERROR;
				GCC_WARN_UNDECLARED_SELECTOR = YES;
				GCC_WARN_UNINITIALIZED_AUTOS = YES_AGGRESSIVE;
				GCC_WARN_UNUSED_FUNCTION = YES;
				GCC_WARN_UNUSED_VARIABLE = YES;
				MTL_ENABLE_DEBUG_INFO = NO;
				MTL_FAST_MATH = YES;
				SWIFT_COMPILATION_MODE = wholemodule;
				SWIFT_OPTIMIZATION_LEVEL = "-O";
			};
			name = Release;
		};
		AD5B462E2878C76700E83C87 /* Debug */ = {
			isa = XCBuildConfiguration;
			buildSettings = {
				ASSETCATALOG_COMPILER_APPICON_NAME = AppIcon;
				ASSETCATALOG_COMPILER_GLOBAL_ACCENT_COLOR_NAME = AccentColor;
				CODE_SIGN_STYLE = Automatic;
				CURRENT_PROJECT_VERSION = 1;
				DEVELOPMENT_TEAM = 9S84Q43P56;
				ENABLE_PREVIEWS = YES;
				GENERATE_INFOPLIST_FILE = YES;
				INFOPLIST_KEY_UIApplicationSceneManifest_Generation = YES;
				INFOPLIST_KEY_UIApplicationSupportsIndirectInputEvents = YES;
				INFOPLIST_KEY_UILaunchScreen_Generation = YES;
				INFOPLIST_KEY_UISupportedInterfaceOrientations_iPad = "UIInterfaceOrientationPortrait UIInterfaceOrientationPortraitUpsideDown UIInterfaceOrientationLandscapeLeft UIInterfaceOrientationLandscapeRight";
				INFOPLIST_KEY_UISupportedInterfaceOrientations_iPhone = "UIInterfaceOrientationPortrait UIInterfaceOrientationLandscapeLeft UIInterfaceOrientationLandscapeRight";
				IPHONEOS_DEPLOYMENT_TARGET = 15.2;
				LD_RUNPATH_SEARCH_PATHS = (
					"$(inherited)",
					"@executable_path/Frameworks",
				);
				MARKETING_VERSION = 1.0;
				PRODUCT_BUNDLE_IDENTIFIER = "hung-chun.tsai.ShimmerEffect";
				PRODUCT_NAME = ShimmerEffect;
				SDKROOT = iphoneos;
				SWIFT_EMIT_LOC_STRINGS = YES;
				SWIFT_VERSION = 5.0;
				TARGETED_DEVICE_FAMILY = "1,2";
			};
			name = Debug;
		};
		AD5B462F2878C76700E83C87 /* Release */ = {
			isa = XCBuildConfiguration;
			buildSettings = {
				ASSETCATALOG_COMPILER_APPICON_NAME = AppIcon;
				ASSETCATALOG_COMPILER_GLOBAL_ACCENT_COLOR_NAME = AccentColor;
				CODE_SIGN_STYLE = Automatic;
				CURRENT_PROJECT_VERSION = 1;
				DEVELOPMENT_TEAM = 9S84Q43P56;
				ENABLE_PREVIEWS = YES;
				GENERATE_INFOPLIST_FILE = YES;
				INFOPLIST_KEY_UIApplicationSceneManifest_Generation = YES;
				INFOPLIST_KEY_UIApplicationSupportsIndirectInputEvents = YES;
				INFOPLIST_KEY_UILaunchScreen_Generation = YES;
				INFOPLIST_KEY_UISupportedInterfaceOrientations_iPad = "UIInterfaceOrientationPortrait UIInterfaceOrientationPortraitUpsideDown UIInterfaceOrientationLandscapeLeft UIInterfaceOrientationLandscapeRight";
				INFOPLIST_KEY_UISupportedInterfaceOrientations_iPhone = "UIInterfaceOrientationPortrait UIInterfaceOrientationLandscapeLeft UIInterfaceOrientationLandscapeRight";
				IPHONEOS_DEPLOYMENT_TARGET = 15.2;
				LD_RUNPATH_SEARCH_PATHS = (
					"$(inherited)",
					"@executable_path/Frameworks",
				);
				MARKETING_VERSION = 1.0;
				PRODUCT_BUNDLE_IDENTIFIER = "hung-chun.tsai.ShimmerEffect";
				PRODUCT_NAME = ShimmerEffect;
				SDKROOT = iphoneos;
				SWIFT_EMIT_LOC_STRINGS = YES;
				SWIFT_VERSION = 5.0;
				TARGETED_DEVICE_FAMILY = "1,2";
				VALIDATE_PRODUCT = YES;
			};
			name = Release;
		};
/* End XCBuildConfiguration section */

/* Begin XCConfigurationList section */
		AD5B45FB2878C76600E83C87 /* Build configuration list for PBXProject "ShimmerEffect" */ = {
			isa = XCConfigurationList;
			buildConfigurations = (
				AD5B462B2878C76700E83C87 /* Debug */,
				AD5B462C2878C76700E83C87 /* Release */,
			);
			defaultConfigurationIsVisible = 0;
			defaultConfigurationName = Release;
		};
		AD5B462D2878C76700E83C87 /* Build configuration list for PBXNativeTarget "ShimmerEffect (iOS)" */ = {
			isa = XCConfigurationList;
			buildConfigurations = (
				AD5B462E2878C76700E83C87 /* Debug */,
				AD5B462F2878C76700E83C87 /* Release */,
			);
			defaultConfigurationIsVisible = 0;
			defaultConfigurationName = Release;
		};
/* End XCConfigurationList section */
	};
	rootObject = AD5B45F82878C76600E83C87 /* Project object */;
}
